
Microsoft Visual Studio Solution File, Format Version 12.00
# Visual Studio Version 16
VisualStudioVersion = 16.0.30114.105
MinimumVisualStudioVersion = 10.0.40219.1
Project("{2150E333-8FDC-42A3-9474-1A3956D46DE8}") = "src", "src", "{154BD2B3-E1B4-4FF0-B8CC-72E368CACA89}"
EndProject
Project("{9A19103F-16F7-4668-BE54-9A1E7A4F7556}") = "EShop.ViewModels", "src\EShop.ViewModels\EShop.ViewModels.csproj", "{66F2CD6D-403D-4A3B-95F4-DBF5412C0F9E}"
EndProject
Project("{9A19103F-16F7-4668-BE54-9A1E7A4F7556}") = "EShop.Services", "src\EShop.Services\EShop.Services.csproj", "{21FBFD1B-46B6-4D86-8137-2B7CBA6E50E2}"
EndProject
Project("{9A19103F-16F7-4668-BE54-9A1E7A4F7556}") = "EShop.Web", "src\EShop.Web\EShop.Web.csproj", "{2308F410-BE27-4154-8C9C-031938F4D571}"
EndProject
Project("{9A19103F-16F7-4668-BE54-9A1E7A4F7556}") = "EShop.Common", "src\EShop.Common\EShop.Common.csproj", "{880FB3F6-A50D-4D4D-BDAE-BCE8B2571719}"
EndProject
Project("{9A19103F-16F7-4668-BE54-9A1E7A4F7556}") = "EShop.IocConfig", "src\EShop.IocConfig\EShop.IocConfig.csproj", "{A7147068-25E8-4AD8-B80B-380E8C77BC07}"
EndProject
Project("{9A19103F-16F7-4668-BE54-9A1E7A4F7556}") = "EShop.Entities", "src\EShop.Entities\EShop.Entities.csproj", "{66BF5D0F-F9BB-4AF2-8CF2-8EB18CE8D37A}"
EndProject
Project("{9A19103F-16F7-4668-BE54-9A1E7A4F7556}") = "EShop.DataLayer", "src\EShop.DataLayer\EShop.DataLayer.csproj", "{D6103BCE-E71D-4127-9870-6DF51DDB056C}"
EndProject
Project("{FAE04EC0-301F-11D3-BF4B-00C04F79EFBC}") = "Ticket.WebApi", "src\Ticket.WebApi\Ticket.WebApi.csproj", "{B85EEFEA-89FD-42E8-B9CB-732619C40F2C}"
EndProject
Global
	GlobalSection(SolutionConfigurationPlatforms) = preSolution
		Debug|Any CPU = Debug|Any CPU
		Debug|x64 = Debug|x64
		Debug|x86 = Debug|x86
		Release|Any CPU = Release|Any CPU
		Release|x64 = Release|x64
		Release|x86 = Release|x86
	EndGlobalSection
	GlobalSection(ProjectConfigurationPlatforms) = postSolution
		{66F2CD6D-403D-4A3B-95F4-DBF5412C0F9E}.Debug|Any CPU.ActiveCfg = Debug|Any CPU
		{66F2CD6D-403D-4A3B-95F4-DBF5412C0F9E}.Debug|Any CPU.Build.0 = Debug|Any CPU
		{66F2CD6D-403D-4A3B-95F4-DBF5412C0F9E}.Debug|x64.ActiveCfg = Debug|Any CPU
		{66F2CD6D-403D-4A3B-95F4-DBF5412C0F9E}.Debug|x64.Build.0 = Debug|Any CPU
		{66F2CD6D-403D-4A3B-95F4-DBF5412C0F9E}.Debug|x86.ActiveCfg = Debug|Any CPU
		{66F2CD6D-403D-4A3B-95F4-DBF5412C0F9E}.Debug|x86.Build.0 = Debug|Any CPU
		{66F2CD6D-403D-4A3B-95F4-DBF5412C0F9E}.Release|Any CPU.ActiveCfg = Release|Any CPU
		{66F2CD6D-403D-4A3B-95F4-DBF5412C0F9E}.Release|Any CPU.Build.0 = Release|Any CPU
		{66F2CD6D-403D-4A3B-95F4-DBF5412C0F9E}.Release|x64.ActiveCfg = Release|Any CPU
		{66F2CD6D-403D-4A3B-95F4-DBF5412C0F9E}.Release|x64.Build.0 = Release|Any CPU
		{66F2CD6D-403D-4A3B-95F4-DBF5412C0F9E}.Release|x86.ActiveCfg = Release|Any CPU
		{66F2CD6D-403D-4A3B-95F4-DBF5412C0F9E}.Release|x86.Build.0 = Release|Any CPU
		{21FBFD1B-46B6-4D86-8137-2B7CBA6E50E2}.Debug|Any CPU.ActiveCfg = Debug|Any CPU
		{21FBFD1B-46B6-4D86-8137-2B7CBA6E50E2}.Debug|Any CPU.Build.0 = Debug|Any CPU
		{21FBFD1B-46B6-4D86-8137-2B7CBA6E50E2}.Debug|x64.ActiveCfg = Debug|Any CPU
		{21FBFD1B-46B6-4D86-8137-2B7CBA6E50E2}.Debug|x64.Build.0 = Debug|Any CPU
		{21FBFD1B-46B6-4D86-8137-2B7CBA6E50E2}.Debug|x86.ActiveCfg = Debug|Any CPU
		{21FBFD1B-46B6-4D86-8137-2B7CBA6E50E2}.Debug|x86.Build.0 = Debug|Any CPU
		{21FBFD1B-46B6-4D86-8137-2B7CBA6E50E2}.Release|Any CPU.ActiveCfg = Release|Any CPU
		{21FBFD1B-46B6-4D86-8137-2B7CBA6E50E2}.Release|Any CPU.Build.0 = Release|Any CPU
		{21FBFD1B-46B6-4D86-8137-2B7CBA6E50E2}.Release|x64.ActiveCfg = Release|Any CPU
		{21FBFD1B-46B6-4D86-8137-2B7CBA6E50E2}.Release|x64.Build.0 = Release|Any CPU
		{21FBFD1B-46B6-4D86-8137-2B7CBA6E50E2}.Release|x86.ActiveCfg = Release|Any CPU
		{21FBFD1B-46B6-4D86-8137-2B7CBA6E50E2}.Release|x86.Build.0 = Release|Any CPU
		{2308F410-BE27-4154-8C9C-031938F4D571}.Debug|Any CPU.ActiveCfg = Debug|Any CPU
		{2308F410-BE27-4154-8C9C-031938F4D571}.Debug|Any CPU.Build.0 = Debug|Any CPU
		{2308F410-BE27-4154-8C9C-031938F4D571}.Debug|x64.ActiveCfg = Debug|Any CPU
		{2308F410-BE27-4154-8C9C-031938F4D571}.Debug|x64.Build.0 = Debug|Any CPU
		{2308F410-BE27-4154-8C9C-031938F4D571}.Debug|x86.ActiveCfg = Debug|Any CPU
		{2308F410-BE27-4154-8C9C-031938F4D571}.Debug|x86.Build.0 = Debug|Any CPU
		{2308F410-BE27-4154-8C9C-031938F4D571}.Release|Any CPU.ActiveCfg = Release|Any CPU
		{2308F410-BE27-4154-8C9C-031938F4D571}.Release|Any CPU.Build.0 = Release|Any CPU
		{2308F410-BE27-4154-8C9C-031938F4D571}.Release|x64.ActiveCfg = Release|Any CPU
		{2308F410-BE27-4154-8C9C-031938F4D571}.Release|x64.Build.0 = Release|Any CPU
		{2308F410-BE27-4154-8C9C-031938F4D571}.Release|x86.ActiveCfg = Release|Any CPU
		{2308F410-BE27-4154-8C9C-031938F4D571}.Release|x86.Build.0 = Release|Any CPU
		{880FB3F6-A50D-4D4D-BDAE-BCE8B2571719}.Debug|Any CPU.ActiveCfg = Debug|Any CPU
		{880FB3F6-A50D-4D4D-BDAE-BCE8B2571719}.Debug|Any CPU.Build.0 = Debug|Any CPU
		{880FB3F6-A50D-4D4D-BDAE-BCE8B2571719}.Debug|x64.ActiveCfg = Debug|Any CPU
		{880FB3F6-A50D-4D4D-BDAE-BCE8B2571719}.Debug|x64.Build.0 = Debug|Any CPU
		{880FB3F6-A50D-4D4D-BDAE-BCE8B2571719}.Debug|x86.ActiveCfg = Debug|Any CPU
		{880FB3F6-A50D-4D4D-BDAE-BCE8B2571719}.Debug|x86.Build.0 = Debug|Any CPU
		{880FB3F6-A50D-4D4D-BDAE-BCE8B2571719}.Release|Any CPU.ActiveCfg = Release|Any CPU
		{880FB3F6-A50D-4D4D-BDAE-BCE8B2571719}.Release|Any CPU.Build.0 = Release|Any CPU
		{880FB3F6-A50D-4D4D-BDAE-BCE8B2571719}.Release|x64.ActiveCfg = Release|Any CPU
		{880FB3F6-A50D-4D4D-BDAE-BCE8B2571719}.Release|x64.Build.0 = Release|Any CPU
		{880FB3F6-A50D-4D4D-BDAE-BCE8B2571719}.Release|x86.ActiveCfg = Release|Any CPU
		{880FB3F6-A50D-4D4D-BDAE-BCE8B2571719}.Release|x86.Build.0 = Release|Any CPU
		{A7147068-25E8-4AD8-B80B-380E8C77BC07}.Debug|Any CPU.ActiveCfg = Debug|Any CPU
		{A7147068-25E8-4AD8-B80B-380E8C77BC07}.Debug|Any CPU.Build.0 = Debug|Any CPU
		{A7147068-25E8-4AD8-B80B-380E8C77BC07}.Debug|x64.ActiveCfg = Debug|Any CPU
		{A7147068-25E8-4AD8-B80B-380E8C77BC07}.Debug|x64.Build.0 = Debug|Any CPU
		{A7147068-25E8-4AD8-B80B-380E8C77BC07}.Debug|x86.ActiveCfg = Debug|Any CPU
		{A7147068-25E8-4AD8-B80B-380E8C77BC07}.Debug|x86.Build.0 = Debug|Any CPU
		{A7147068-25E8-4AD8-B80B-380E8C77BC07}.Release|Any CPU.ActiveCfg = Release|Any CPU
		{A7147068-25E8-4AD8-B80B-380E8C77BC07}.Release|Any CPU.Build.0 = Release|Any CPU
		{A7147068-25E8-4AD8-B80B-380E8C77BC07}.Release|x64.ActiveCfg = Release|Any CPU
		{A7147068-25E8-4AD8-B80B-380E8C77BC07}.Release|x64.Build.0 = Release|Any CPU
		{A7147068-25E8-4AD8-B80B-380E8C77BC07}.Release|x86.ActiveCfg = Release|Any CPU
		{A7147068-25E8-4AD8-B80B-380E8C77BC07}.Release|x86.Build.0 = Release|Any CPU
		{66BF5D0F-F9BB-4AF2-8CF2-8EB18CE8D37A}.Debug|Any CPU.ActiveCfg = Debug|Any CPU
		{66BF5D0F-F9BB-4AF2-8CF2-8EB18CE8D37A}.Debug|Any CPU.Build.0 = Debug|Any CPU
		{66BF5D0F-F9BB-4AF2-8CF2-8EB18CE8D37A}.Debug|x64.ActiveCfg = Debug|Any CPU
		{66BF5D0F-F9BB-4AF2-8CF2-8EB18CE8D37A}.Debug|x64.Build.0 = Debug|Any CPU
		{66BF5D0F-F9BB-4AF2-8CF2-8EB18CE8D37A}.Debug|x86.ActiveCfg = Debug|Any CPU
		{66BF5D0F-F9BB-4AF2-8CF2-8EB18CE8D37A}.Debug|x86.Build.0 = Debug|Any CPU
		{66BF5D0F-F9BB-4AF2-8CF2-8EB18CE8D37A}.Release|Any CPU.ActiveCfg = Release|Any CPU
		{66BF5D0F-F9BB-4AF2-8CF2-8EB18CE8D37A}.Release|Any CPU.Build.0 = Release|Any CPU
		{66BF5D0F-F9BB-4AF2-8CF2-8EB18CE8D37A}.Release|x64.ActiveCfg = Release|Any CPU
		{66BF5D0F-F9BB-4AF2-8CF2-8EB18CE8D37A}.Release|x64.Build.0 = Release|Any CPU
		{66BF5D0F-F9BB-4AF2-8CF2-8EB18CE8D37A}.Release|x86.ActiveCfg = Release|Any CPU
		{66BF5D0F-F9BB-4AF2-8CF2-8EB18CE8D37A}.Release|x86.Build.0 = Release|Any CPU
		{D6103BCE-E71D-4127-9870-6DF51DDB056C}.Debug|Any CPU.ActiveCfg = Debug|Any CPU
		{D6103BCE-E71D-4127-9870-6DF51DDB056C}.Debug|Any CPU.Build.0 = Debug|Any CPU
		{D6103BCE-E71D-4127-9870-6DF51DDB056C}.Debug|x64.ActiveCfg = Debug|Any CPU
		{D6103BCE-E71D-4127-9870-6DF51DDB056C}.Debug|x64.Build.0 = Debug|Any CPU
		{D6103BCE-E71D-4127-9870-6DF51DDB056C}.Debug|x86.ActiveCfg = Debug|Any CPU
		{D6103BCE-E71D-4127-9870-6DF51DDB056C}.Debug|x86.Build.0 = Debug|Any CPU
		{D6103BCE-E71D-4127-9870-6DF51DDB056C}.Release|Any CPU.ActiveCfg = Release|Any CPU
		{D6103BCE-E71D-4127-9870-6DF51DDB056C}.Release|Any CPU.Build.0 = Release|Any CPU
		{D6103BCE-E71D-4127-9870-6DF51DDB056C}.Release|x64.ActiveCfg = Release|Any CPU
		{D6103BCE-E71D-4127-9870-6DF51DDB056C}.Release|x64.Build.0 = Release|Any CPU
		{D6103BCE-E71D-4127-9870-6DF51DDB056C}.Release|x86.ActiveCfg = Release|Any CPU
		{D6103BCE-E71D-4127-9870-6DF51DDB056C}.Release|x86.Build.0 = Release|Any CPU
		{B85EEFEA-89FD-42E8-B9CB-732619C40F2C}.Debug|Any CPU.ActiveCfg = Debug|Any CPU
		{B85EEFEA-89FD-42E8-B9CB-732619C40F2C}.Debug|Any CPU.Build.0 = Debug|Any CPU
		{B85EEFEA-89FD-42E8-B9CB-732619C40F2C}.Debug|x64.ActiveCfg = Debug|Any CPU
		{B85EEFEA-89FD-42E8-B9CB-732619C40F2C}.Debug|x64.Build.0 = Debug|Any CPU
		{B85EEFEA-89FD-42E8-B9CB-732619C40F2C}.Debug|x86.ActiveCfg = Debug|Any CPU
		{B85EEFEA-89FD-42E8-B9CB-732619C40F2C}.Debug|x86.Build.0 = Debug|Any CPU
		{B85EEFEA-89FD-42E8-B9CB-732619C40F2C}.Release|Any CPU.ActiveCfg = Release|Any CPU
		{B85EEFEA-89FD-42E8-B9CB-732619C40F2C}.Release|Any CPU.Build.0 = Release|Any CPU
		{B85EEFEA-89FD-42E8-B9CB-732619C40F2C}.Release|x64.ActiveCfg = Release|Any CPU
		{B85EEFEA-89FD-42E8-B9CB-732619C40F2C}.Release|x64.Build.0 = Release|Any CPU
		{B85EEFEA-89FD-42E8-B9CB-732619C40F2C}.Release|x86.ActiveCfg = Release|Any CPU
		{B85EEFEA-89FD-42E8-B9CB-732619C40F2C}.Release|x86.Build.0 = Release|Any CPU
	EndGlobalSection
	GlobalSection(SolutionProperties) = preSolution
		HideSolutionNode = FALSE
	EndGlobalSection
	GlobalSection(NestedProjects) = preSolution
		{66F2CD6D-403D-4A3B-95F4-DBF5412C0F9E} = {154BD2B3-E1B4-4FF0-B8CC-72E368CACA89}
		{21FBFD1B-46B6-4D86-8137-2B7CBA6E50E2} = {154BD2B3-E1B4-4FF0-B8CC-72E368CACA89}
		{2308F410-BE27-4154-8C9C-031938F4D571} = {154BD2B3-E1B4-4FF0-B8CC-72E368CACA89}
		{880FB3F6-A50D-4D4D-BDAE-BCE8B2571719} = {154BD2B3-E1B4-4FF0-B8CC-72E368CACA89}
		{A7147068-25E8-4AD8-B80B-380E8C77BC07} = {154BD2B3-E1B4-4FF0-B8CC-72E368CACA89}
		{66BF5D0F-F9BB-4AF2-8CF2-8EB18CE8D37A} = {154BD2B3-E1B4-4FF0-B8CC-72E368CACA89}
		{D6103BCE-E71D-4127-9870-6DF51DDB056C} = {154BD2B3-E1B4-4FF0-B8CC-72E368CACA89}
		{B85EEFEA-89FD-42E8-B9CB-732619C40F2C} = {154BD2B3-E1B4-4FF0-B8CC-72E368CACA89}
	EndGlobalSection
	GlobalSection(ExtensibilityGlobals) = postSolution
		SolutionGuid = {5F5CB1BB-75FF-4FD5-A0FF-534CA63E5CB5}
	EndGlobalSection
EndGlobal
